
Microsoft Visual Studio Solution File, Format Version 12.00
# Visual Studio Version 16
VisualStudioVersion = 16.0.30524.135
MinimumVisualStudioVersion = 10.0.40219.1
Project("{FAE04EC0-301F-11D3-BF4B-00C04F79EFBC}") = "BlazorFileUpload.Server", "BlazorFileUpload\Server\BlazorFileUpload.Server.csproj", "{257FBA4E-04E2-4C74-B71C-868B5240DBA2}"
EndProject
Project("{FAE04EC0-301F-11D3-BF4B-00C04F79EFBC}") = "BlazorFileUpload.Client", "BlazorFileUpload\Client\BlazorFileUpload.Client.csproj", "{EB22CF58-EE66-4DD0-9D66-FD0A93298673}"
EndProject
Project("{FAE04EC0-301F-11D3-BF4B-00C04F79EFBC}") = "BlazorFileUpload.Shared", "BlazorFileUpload\Shared\BlazorFileUpload.Shared.csproj", "{07AA6BEB-984A-4376-BFB9-6A5CC4CBEC53}"
EndProject
Global
	GlobalSection(SolutionConfigurationPlatforms) = preSolution
		Debug|Any CPU = Debug|Any CPU
		Release|Any CPU = Release|Any CPU
	EndGlobalSection
	GlobalSection(ProjectConfigurationPlatforms) = postSolution
		{257FBA4E-04E2-4C74-B71C-868B5240DBA2}.Debug|Any CPU.ActiveCfg = Debug|Any CPU
		{257FBA4E-04E2-4C74-B71C-868B5240DBA2}.Debug|Any CPU.Build.0 = Debug|Any CPU
		{257FBA4E-04E2-4C74-B71C-868B5240DBA2}.Release|Any CPU.ActiveCfg = Release|Any CPU
		{257FBA4E-04E2-4C74-B71C-868B5240DBA2}.Release|Any CPU.Build.0 = Release|Any CPU
		{EB22CF58-EE66-4DD0-9D66-FD0A93298673}.Debug|Any CPU.ActiveCfg = Debug|Any CPU
		{EB22CF58-EE66-4DD0-9D66-FD0A93298673}.Debug|Any CPU.Build.0 = Debug|Any CPU
		{EB22CF58-EE66-4DD0-9D66-FD0A93298673}.Release|Any CPU.ActiveCfg = Release|Any CPU
		{EB22CF58-EE66-4DD0-9D66-FD0A93298673}.Release|Any CPU.Build.0 = Release|Any CPU
		{07AA6BEB-984A-4376-BFB9-6A5CC4CBEC53}.Debug|Any CPU.ActiveCfg = Debug|Any CPU
		{07AA6BEB-984A-4376-BFB9-6A5CC4CBEC53}.Debug|Any CPU.Build.0 = Debug|Any CPU
		{07AA6BEB-984A-4376-BFB9-6A5CC4CBEC53}.Release|Any CPU.ActiveCfg = Release|Any CPU
		{07AA6BEB-984A-4376-BFB9-6A5CC4CBEC53}.Release|Any CPU.Build.0 = Release|Any CPU
	EndGlobalSection
	GlobalSection(SolutionProperties) = preSolution
		HideSolutionNode = FALSE
	EndGlobalSection
	GlobalSection(ExtensibilityGlobals) = postSolution
		SolutionGuid = {54E4502D-972F-488F-A465-AC537689E6C8}
	EndGlobalSection
EndGlobal
